<?xml version="1.0" encoding="utf-8"?>
<Project ToolsVersion="4.0" xmlns="http://schemas.microsoft.com/developer/msbuild/2003">
  <ItemGroup>
    <Filter Include="Game">
      <UniqueIdentifier>{67DA6AB6-F800-4c08-8B7A-83BB121AAD01}</UniqueIdentifier>
      <Extensions>rc;ico;cur;bmp;dlg;rc2;rct;bin;rgs;gif;jpg;jpeg;jpe;resx;tiff;tif;png;wav;mfcribbon-ms</Extensions>
    </Filter>
    <Filter Include="Core">
      <UniqueIdentifier>{4FC737F1-C7A5-4376-A066-2A32D752A2FF}</UniqueIdentifier>
      <Extensions>cpp;c;cc;cxx;def;odl;idl;hpj;bat;asm;asmx</Extensions>
    </Filter>
    <Filter Include="Core\Scene">
      <UniqueIdentifier>{e1bf5fd0-2921-4806-86ca-c41e8c8f4a81}</UniqueIdentifier>
    </Filter>
    <Filter Include="Core\Entities">
      <UniqueIdentifier>{edaeaf3f-8a65-4676-bc46-5f2432b5ea34}</UniqueIdentifier>
    </Filter>
    <Filter Include="Core\Resources">
      <UniqueIdentifier>{f1c0a0ed-c0c4-4179-a4e8-eb3a5f4ec565}</UniqueIdentifier>
    </Filter>
    <Filter Include="Core\Utility">
      <UniqueIdentifier>{e902e9f6-cf24-4762-90f8-6201217f6ec6}</UniqueIdentifier>
    </Filter>
    <Filter Include="Core\Services">
      <UniqueIdentifier>{0ce58b7d-1e62-4087-adbe-8fcd46c6f838}</UniqueIdentifier>
    </Filter>
  </ItemGroup>
  <ItemGroup>
    <ClCompile Include="BinaryFile.cpp">
      <Filter>Core</Filter>
    </ClCompile>
    <ClCompile Include="BinarySave.cpp">
      <Filter>Core</Filter>
    </ClCompile>
    <ClCompile Include="Grid.cpp">
      <Filter>Core</Filter>
    </ClCompile>
    <ClCompile Include="MenuList.cpp">
      <Filter>Core</Filter>
    </ClCompile>
    <ClCompile Include="Main.cpp">
      <Filter>Game</Filter>
    </ClCompile>
    <ClCompile Include="AABB.cpp">
      <Filter>Core\Entities</Filter>
    </ClCompile>
    <ClCompile Include="Entity.cpp">
      <Filter>Core\Entities</Filter>
    </ClCompile>
    <ClCompile Include="EntityComponents.cpp">
      <Filter>Core\Entities</Filter>
    </ClCompile>
    <ClCompile Include="ImageManager.cpp">
      <Filter>Core\Resources</Filter>
    </ClCompile>
    <ClCompile Include="Scene.cpp">
      <Filter>Core\Scene</Filter>
    </ClCompile>
    <ClCompile Include="Random.cpp">
      <Filter>Core\Utility</Filter>
    </ClCompile>
    <ClCompile Include="Utility.cpp">
      <Filter>Core\Utility</Filter>
    </ClCompile>
    <ClCompile Include="Service.cpp">
      <Filter>Core\Services</Filter>
    </ClCompile>
    <ClCompile Include="AudioService.cpp">
      <Filter>Core\Services</Filter>
    </ClCompile>
    <ClCompile Include="SokobanScene.cpp">
      <Filter>Game</Filter>
    </ClCompile>
    <ClCompile Include="Level.cpp">
      <Filter>Game</Filter>
    </ClCompile>
    <ClCompile Include="GridEnt.cpp">
      <Filter>Game</Filter>
    </ClCompile>
  </ItemGroup>
  <ItemGroup>
    <ClInclude Include="BinaryFile.h">
      <Filter>Core</Filter>
    </ClInclude>
    <ClInclude Include="BinarySave.h">
      <Filter>Core</Filter>
    </ClInclude>
    <ClInclude Include="Grid.h">
      <Filter>Core</Filter>
    </ClInclude>
    <ClInclude Include="MenuList.h">
      <Filter>Core</Filter>
    </ClInclude>
    <ClInclude Include="AABB.h">
      <Filter>Core\Entities</Filter>
    </ClInclude>
    <ClInclude Include="Entity.h">
      <Filter>Core\Entities</Filter>
    </ClInclude>
    <ClInclude Include="EntityComponents.h">
      <Filter>Core\Entities</Filter>
    </ClInclude>
    <ClInclude Include="ImageManager.h">
      <Filter>Core\Resources</Filter>
    </ClInclude>
    <ClInclude Include="Scene.h">
      <Filter>Core\Scene</Filter>
    </ClInclude>
    <ClInclude Include="Random.h">
      <Filter>Core\Utility</Filter>
    </ClInclude>
    <ClInclude Include="Utility.h">
      <Filter>Core\Utility</Filter>
    </ClInclude>
    <ClInclude Include="Service.h">
      <Filter>Core\Services</Filter>
    </ClInclude>
    <ClInclude Include="AudioService.h">
      <Filter>Core\Services</Filter>
    </ClInclude>
    <ClInclude Include="SokobanScene.h">
      <Filter>Game</Filter>
    </ClInclude>
    <ClInclude Include="SFMLScene.h">
      <Filter>Core\Scene</Filter>
    </ClInclude>
    <ClInclude Include="Tile.h">
      <Filter>Game</Filter>
    </ClInclude>
    <ClInclude Include="Level.h">
      <Filter>Game</Filter>
    </ClInclude>
    <ClInclude Include="GridEnt.h">
      <Filter>Game</Filter>
    </ClInclude>
  </ItemGroup>
  <ItemGroup>
    <Text Include="ToDo.txt" />
  </ItemGroup>
</Project>