<?xml version="1.0" encoding="utf-8"?>
<Project ToolsVersion="4.0" xmlns="http://schemas.microsoft.com/developer/msbuild/2003">
  <ItemGroup>
    <Filter Include="Game">
      <UniqueIdentifier>{67DA6AB6-F800-4c08-8B7A-83BB121AAD01}</UniqueIdentifier>
      <Extensions>rc;ico;cur;bmp;dlg;rc2;rct;bin;rgs;gif;jpg;jpeg;jpe;resx;tiff;tif;png;wav;mfcribbon-ms</Extensions>
    </Filter>
    <Filter Include="Core">
      <UniqueIdentifier>{4FC737F1-C7A5-4376-A066-2A32D752A2FF}</UniqueIdentifier>
      <Extensions>cpp;c;cc;cxx;def;odl;idl;hpj;bat;asm;asmx</Extensions>
    </Filter>
    <Filter Include="Core\Scene">
      <UniqueIdentifier>{e1bf5fd0-2921-4806-86ca-c41e8c8f4a81}</UniqueIdentifier>
    </Filter>
    <Filter Include="Core\Entities">
      <UniqueIdentifier>{edaeaf3f-8a65-4676-bc46-5f2432b5ea34}</UniqueIdentifier>
    </Filter>
    <Filter Include="Core\Resources">
      <UniqueIdentifier>{f1c0a0ed-c0c4-4179-a4e8-eb3a5f4ec565}</UniqueIdentifier>
    </Filter>
    <Filter Include="Core\Utility">
      <UniqueIdentifier>{e902e9f6-cf24-4762-90f8-6201217f6ec6}</UniqueIdentifier>
    </Filter>
    <Filter Include="Core\Services">
      <UniqueIdentifier>{0ce58b7d-1e62-4087-adbe-8fcd46c6f838}</UniqueIdentifier>
    </Filter>
    <Filter Include="Game\GUI">
      <UniqueIdentifier>{8d0647db-f501-46f6-b4df-3f339842ebd2}</UniqueIdentifier>
    </Filter>
  </ItemGroup>
  <ItemGroup>
    <ClCompile Include="src\core\BinaryFile.cpp">
      <Filter>Core</Filter>
    </ClCompile>
    <ClCompile Include="src\core\BinarySave.cpp">
      <Filter>Core</Filter>
    </ClCompile>
    <ClCompile Include="src\core\Grid.cpp">
      <Filter>Core</Filter>
    </ClCompile>
    <ClCompile Include="src\MenuList.cpp">
      <Filter>Core</Filter>
    </ClCompile>
    <ClCompile Include="Main.cpp">
      <Filter>Game</Filter>
    </ClCompile>
    <ClCompile Include="src\core\AABB.cpp">
      <Filter>Core\Entities</Filter>
    </ClCompile>
    <ClCompile Include="src\Entity.cpp">
      <Filter>Core\Entities</Filter>
    </ClCompile>
    <ClCompile Include="src\EntityComponents.cpp">
      <Filter>Core\Entities</Filter>
    </ClCompile>
    <ClCompile Include="src\ImageManager.cpp">
      <Filter>Core\Resources</Filter>
    </ClCompile>
    <ClCompile Include="src\core\Scene.cpp">
      <Filter>Core\Scene</Filter>
    </ClCompile>
    <ClCompile Include="src\core\Random.cpp">
      <Filter>Core\Utility</Filter>
    </ClCompile>
    <ClCompile Include="src\core\Utility.cpp">
      <Filter>Core\Utility</Filter>
    </ClCompile>
    <ClCompile Include="src\core\Service.cpp">
      <Filter>Core\Services</Filter>
    </ClCompile>
    <ClCompile Include="src\AudioService.cpp">
      <Filter>Core\Services</Filter>
    </ClCompile>
    <ClCompile Include="src\SokobanScene.cpp">
      <Filter>Game</Filter>
    </ClCompile>
    <ClCompile Include="src\Level.cpp">
      <Filter>Game</Filter>
    </ClCompile>
    <ClCompile Include="src\GridEnt.cpp">
      <Filter>Game</Filter>
    </ClCompile>
    <ClCompile Include="src\GameEnts.cpp">
      <Filter>Game</Filter>
    </ClCompile>
    <ClCompile Include="src\GUI.cpp">
      <Filter>Game\GUI</Filter>
    </ClCompile>
    <ClCompile Include="ext\Timer.cpp">
      <Filter>Core</Filter>
    </ClCompile>
    <ClCompile Include="src\SDLKeyboardTracker.cpp">
      <Filter>Core</Filter>
    </ClCompile>
  </ItemGroup>
  <ItemGroup>
    <ClInclude Include="src\core\BinaryFile.h">
      <Filter>Core</Filter>
    </ClInclude>
    <ClInclude Include="src\core\BinarySave.h">
      <Filter>Core</Filter>
    </ClInclude>
    <ClInclude Include="src\core\Grid.h">
      <Filter>Core</Filter>
    </ClInclude>
    <ClInclude Include="src\MenuList.h">
      <Filter>Core</Filter>
    </ClInclude>
    <ClInclude Include="src\core\AABB.h">
      <Filter>Core\Entities</Filter>
    </ClInclude>
    <ClInclude Include="src\Entity.h">
      <Filter>Core\Entities</Filter>
    </ClInclude>
    <ClInclude Include="src\EntityComponents.h">
      <Filter>Core\Entities</Filter>
    </ClInclude>
    <ClInclude Include="src\ImageManager.h">
      <Filter>Core\Resources</Filter>
    </ClInclude>
    <ClInclude Include="src\core\Scene.h">
      <Filter>Core\Scene</Filter>
    </ClInclude>
    <ClInclude Include="src\core\Random.h">
      <Filter>Core\Utility</Filter>
    </ClInclude>
    <ClInclude Include="src\core\Utility.h">
      <Filter>Core\Utility</Filter>
    </ClInclude>
    <ClInclude Include="src\core\Service.h">
      <Filter>Core\Services</Filter>
    </ClInclude>
    <ClInclude Include="src\AudioService.h">
      <Filter>Core\Services</Filter>
    </ClInclude>
    <ClInclude Include="src\SokobanScene.h">
      <Filter>Game</Filter>
    </ClInclude>
    <ClInclude Include="src\SDLScene.h">
      <Filter>Core\Scene</Filter>
    </ClInclude>
    <ClInclude Include="src\Tile.h">
      <Filter>Game</Filter>
    </ClInclude>
    <ClInclude Include="src\Level.h">
      <Filter>Game</Filter>
    </ClInclude>
    <ClInclude Include="src\GridEnt.h">
      <Filter>Game</Filter>
    </ClInclude>
    <ClInclude Include="src\GameEnts.h">
      <Filter>Game</Filter>
    </ClInclude>
    <ClInclude Include="src\GUI.h">
      <Filter>Game\GUI</Filter>
    </ClInclude>
    <ClInclude Include="src\core\Pair.h">
      <Filter>Core</Filter>
    </ClInclude>
    <ClInclude Include="ext\Timer.h" />
    <ClInclude Include="src\SDLKeyboardTracker.h" />
  </ItemGroup>
  <ItemGroup>
    <Text Include="ToDo.txt" />
  </ItemGroup>
  <ItemGroup>
    <Image Include="res\Tilesheet.png">
      <Filter>Game</Filter>
    </Image>
    <Image Include="res\Block.png">
      <Filter>Game</Filter>
    </Image>
    <Image Include="res\Player.png">
      <Filter>Game</Filter>
    </Image>
  </ItemGroup>
  <ItemGroup>
    <Font Include="res\Roboto-Regular.ttf" />
  </ItemGroup>
</Project>